
Microsoft Visual Studio Solution File, Format Version 12.00
# Visual Studio Version 16
VisualStudioVersion = 16.0.28922.388
MinimumVisualStudioVersion = 10.0.40219.1
Project("{FAE04EC0-301F-11D3-BF4B-00C04F79EFBC}") = "SortString", "SortString\SortString.csproj", "{28FC1700-5B72-47AF-B7EA-411940361C01}"
EndProject
Global
	GlobalSection(SolutionConfigurationPlatforms) = preSolution
		Debug|Any CPU = Debug|Any CPU
		Release|Any CPU = Release|Any CPU
	EndGlobalSection
	GlobalSection(ProjectConfigurationPlatforms) = postSolution
		{28FC1700-5B72-47AF-B7EA-411940361C01}.Debug|Any CPU.ActiveCfg = Debug|Any CPU
		{28FC1700-5B72-47AF-B7EA-411940361C01}.Debug|Any CPU.Build.0 = Debug|Any CPU
		{28FC1700-5B72-47AF-B7EA-411940361C01}.Release|Any CPU.ActiveCfg = Release|Any CPU
		{28FC1700-5B72-47AF-B7EA-411940361C01}.Release|Any CPU.Build.0 = Release|Any CPU
	EndGlobalSection
	GlobalSection(SolutionProperties) = preSolution
		HideSolutionNode = FALSE
	EndGlobalSection
	GlobalSection(ExtensibilityGlobals) = postSolution
		SolutionGuid = {2D9A4459-614B-4DCC-9C2A-98BCEC14CC02}
	EndGlobalSection
EndGlobal
